
Microsoft Visual Studio Solution File, Format Version 12.00
# Visual Studio Version 17
VisualStudioVersion = 17.0.31903.59
MinimumVisualStudioVersion = 10.0.40219.1
Project("{FAE04EC0-301F-11D3-BF4B-00C04F79EFBC}") = "budgettracker", "budgettracker\budgettracker.csproj", "{B010370E-5BFA-4B76-B1D9-0D0E3C9EE7D1}"
EndProject
Project("{FAE04EC0-301F-11D3-BF4B-00C04F79EFBC}") = "BudgetTrackerTest", "BudgetTrackerTest\BudgetTrackerTest.csproj", "{2F58C707-D3DA-4479-BB06-FBF63302720C}"
EndProject
Global
	GlobalSection(SolutionConfigurationPlatforms) = preSolution
		Debug|Any CPU = Debug|Any CPU
		Release|Any CPU = Release|Any CPU
	EndGlobalSection
	GlobalSection(SolutionProperties) = preSolution
		HideSolutionNode = FALSE
	EndGlobalSection
	GlobalSection(ProjectConfigurationPlatforms) = postSolution
		{B010370E-5BFA-4B76-B1D9-0D0E3C9EE7D1}.Debug|Any CPU.ActiveCfg = Debug|Any CPU
		{B010370E-5BFA-4B76-B1D9-0D0E3C9EE7D1}.Debug|Any CPU.Build.0 = Debug|Any CPU
		{B010370E-5BFA-4B76-B1D9-0D0E3C9EE7D1}.Release|Any CPU.ActiveCfg = Release|Any CPU
		{B010370E-5BFA-4B76-B1D9-0D0E3C9EE7D1}.Release|Any CPU.Build.0 = Release|Any CPU
		{2F58C707-D3DA-4479-BB06-FBF63302720C}.Debug|Any CPU.ActiveCfg = Debug|Any CPU
		{2F58C707-D3DA-4479-BB06-FBF63302720C}.Debug|Any CPU.Build.0 = Debug|Any CPU
		{2F58C707-D3DA-4479-BB06-FBF63302720C}.Release|Any CPU.ActiveCfg = Release|Any CPU
		{2F58C707-D3DA-4479-BB06-FBF63302720C}.Release|Any CPU.Build.0 = Release|Any CPU
	EndGlobalSection
EndGlobal
