
Microsoft Visual Studio Solution File, Format Version 12.00
# Visual Studio Version 17
VisualStudioVersion = 17.5.002.0
MinimumVisualStudioVersion = 10.0.40219.1
Project("{9A19103F-16F7-4668-BE54-9A1E7A4F7556}") = "budgettracker", "budgettracker.csproj", "{2D1097A1-E96F-4730-8FE3-2D746E8289BB}"
EndProject
Global
	GlobalSection(SolutionConfigurationPlatforms) = preSolution
		Debug|Any CPU = Debug|Any CPU
		Release|Any CPU = Release|Any CPU
	EndGlobalSection
	GlobalSection(ProjectConfigurationPlatforms) = postSolution
		{2D1097A1-E96F-4730-8FE3-2D746E8289BB}.Debug|Any CPU.ActiveCfg = Debug|Any CPU
		{2D1097A1-E96F-4730-8FE3-2D746E8289BB}.Debug|Any CPU.Build.0 = Debug|Any CPU
		{2D1097A1-E96F-4730-8FE3-2D746E8289BB}.Release|Any CPU.ActiveCfg = Release|Any CPU
		{2D1097A1-E96F-4730-8FE3-2D746E8289BB}.Release|Any CPU.Build.0 = Release|Any CPU
	EndGlobalSection
	GlobalSection(SolutionProperties) = preSolution
		HideSolutionNode = FALSE
	EndGlobalSection
	GlobalSection(ExtensibilityGlobals) = postSolution
		SolutionGuid = {229FF8BD-E4C3-4310-9603-E74AE4128DF6}
	EndGlobalSection
EndGlobal
